// !$*UTF8*$!
{
	archiveVersion = 1;
	classes = {
	};
	objectVersion = 55;
	objects = {

/* Begin PBXBuildFile section */
		AC11C1FB280692C30034D88D /* AppDelegate.swift in Sources */ = {isa = PBXBuildFile; fileRef = AC11C1FA280692C30034D88D /* AppDelegate.swift */; };
		AC11C1FD280692C30034D88D /* SceneDelegate.swift in Sources */ = {isa = PBXBuildFile; fileRef = AC11C1FC280692C30034D88D /* SceneDelegate.swift */; };
		AC11C1FF280692C30034D88D /* ViewController.swift in Sources */ = {isa = PBXBuildFile; fileRef = AC11C1FE280692C30034D88D /* ViewController.swift */; };
		AC11C202280692C30034D88D /* Main.storyboard in Resources */ = {isa = PBXBuildFile; fileRef = AC11C200280692C30034D88D /* Main.storyboard */; };
		AC11C205280692C30034D88D /* goracing.xcdatamodeld in Sources */ = {isa = PBXBuildFile; fileRef = AC11C203280692C30034D88D /* goracing.xcdatamodeld */; };
		AC11C207280692C40034D88D /* Assets.xcassets in Resources */ = {isa = PBXBuildFile; fileRef = AC11C206280692C40034D88D /* Assets.xcassets */; };
		AC11C20A280692C40034D88D /* LaunchScreen.storyboard in Resources */ = {isa = PBXBuildFile; fileRef = AC11C208280692C40034D88D /* LaunchScreen.storyboard */; };
		AC11C215280692C40034D88D /* goracingTests.swift in Sources */ = {isa = PBXBuildFile; fileRef = AC11C214280692C40034D88D /* goracingTests.swift */; };
		AC11C21F280692C40034D88D /* goracingUITests.swift in Sources */ = {isa = PBXBuildFile; fileRef = AC11C21E280692C40034D88D /* goracingUITests.swift */; };
		AC11C221280692C40034D88D /* goracingUITestsLaunchTests.swift in Sources */ = {isa = PBXBuildFile; fileRef = AC11C220280692C40034D88D /* goracingUITestsLaunchTests.swift */; };
/* End PBXBuildFile section */

/* Begin PBXContainerItemProxy section */
		AC11C211280692C40034D88D /* PBXContainerItemProxy */ = {
			isa = PBXContainerItemProxy;
			containerPortal = AC11C1EF280692C30034D88D /* Project object */;
			proxyType = 1;
			remoteGlobalIDString = AC11C1F6280692C30034D88D;
			remoteInfo = goracing;
		};
		AC11C21B280692C40034D88D /* PBXContainerItemProxy */ = {
			isa = PBXContainerItemProxy;
			containerPortal = AC11C1EF280692C30034D88D /* Project object */;
			proxyType = 1;
			remoteGlobalIDString = AC11C1F6280692C30034D88D;
			remoteInfo = goracing;
		};
/* End PBXContainerItemProxy section */

/* Begin PBXFileReference section */
		AC11C1F7280692C30034D88D /* goracing.app */ = {isa = PBXFileReference; explicitFileType = wrapper.application; includeInIndex = 0; path = goracing.app; sourceTree = BUILT_PRODUCTS_DIR; };
		AC11C1FA280692C30034D88D /* AppDelegate.swift */ = {isa = PBXFileReference; lastKnownFileType = sourcecode.swift; path = AppDelegate.swift; sourceTree = "<group>"; };
		AC11C1FC280692C30034D88D /* SceneDelegate.swift */ = {isa = PBXFileReference; lastKnownFileType = sourcecode.swift; path = SceneDelegate.swift; sourceTree = "<group>"; };
		AC11C1FE280692C30034D88D /* ViewController.swift */ = {isa = PBXFileReference; lastKnownFileType = sourcecode.swift; path = ViewController.swift; sourceTree = "<group>"; };
		AC11C201280692C30034D88D /* Base */ = {isa = PBXFileReference; lastKnownFileType = file.storyboard; name = Base; path = Base.lproj/Main.storyboard; sourceTree = "<group>"; };
		AC11C204280692C30034D88D /* goracing.xcdatamodel */ = {isa = PBXFileReference; lastKnownFileType = wrapper.xcdatamodel; path = goracing.xcdatamodel; sourceTree = "<group>"; };
		AC11C206280692C40034D88D /* Assets.xcassets */ = {isa = PBXFileReference; lastKnownFileType = folder.assetcatalog; path = Assets.xcassets; sourceTree = "<group>"; };
		AC11C209280692C40034D88D /* Base */ = {isa = PBXFileReference; lastKnownFileType = file.storyboard; name = Base; path = Base.lproj/LaunchScreen.storyboard; sourceTree = "<group>"; };
		AC11C20B280692C40034D88D /* Info.plist */ = {isa = PBXFileReference; lastKnownFileType = text.plist.xml; path = Info.plist; sourceTree = "<group>"; };
		AC11C210280692C40034D88D /* goracingTests.xctest */ = {isa = PBXFileReference; explicitFileType = wrapper.cfbundle; includeInIndex = 0; path = goracingTests.xctest; sourceTree = BUILT_PRODUCTS_DIR; };
		AC11C214280692C40034D88D /* goracingTests.swift */ = {isa = PBXFileReference; lastKnownFileType = sourcecode.swift; path = goracingTests.swift; sourceTree = "<group>"; };
		AC11C21A280692C40034D88D /* goracingUITests.xctest */ = {isa = PBXFileReference; explicitFileType = wrapper.cfbundle; includeInIndex = 0; path = goracingUITests.xctest; sourceTree = BUILT_PRODUCTS_DIR; };
		AC11C21E280692C40034D88D /* goracingUITests.swift */ = {isa = PBXFileReference; lastKnownFileType = sourcecode.swift; path = goracingUITests.swift; sourceTree = "<group>"; };
		AC11C220280692C40034D88D /* goracingUITestsLaunchTests.swift */ = {isa = PBXFileReference; lastKnownFileType = sourcecode.swift; path = goracingUITestsLaunchTests.swift; sourceTree = "<group>"; };
/* End PBXFileReference section */

/* Begin PBXFrameworksBuildPhase section */
		AC11C1F4280692C30034D88D /* Frameworks */ = {
			isa = PBXFrameworksBuildPhase;
			buildActionMask = 2147483647;
			files = (
			);
			runOnlyForDeploymentPostprocessing = 0;
		};
		AC11C20D280692C40034D88D /* Frameworks */ = {
			isa = PBXFrameworksBuildPhase;
			buildActionMask = 2147483647;
			files = (
			);
			runOnlyForDeploymentPostprocessing = 0;
		};
		AC11C217280692C40034D88D /* Frameworks */ = {
			isa = PBXFrameworksBuildPhase;
			buildActionMask = 2147483647;
			files = (
			);
			runOnlyForDeploymentPostprocessing = 0;
		};
/* End PBXFrameworksBuildPhase section */

/* Begin PBXGroup section */
		AC11C1EE280692C30034D88D = {
			isa = PBXGroup;
			children = (
				AC11C1F9280692C30034D88D /* goracing */,
				AC11C213280692C40034D88D /* goracingTests */,
				AC11C21D280692C40034D88D /* goracingUITests */,
				AC11C1F8280692C30034D88D /* Products */,
			);
			sourceTree = "<group>";
		};
		AC11C1F8280692C30034D88D /* Products */ = {
			isa = PBXGroup;
			children = (
				AC11C1F7280692C30034D88D /* goracing.app */,
				AC11C210280692C40034D88D /* goracingTests.xctest */,
				AC11C21A280692C40034D88D /* goracingUITests.xctest */,
			);
			name = Products;
			sourceTree = "<group>";
		};
		AC11C1F9280692C30034D88D /* goracing */ = {
			isa = PBXGroup;
			children = (
				AC11C1FA280692C30034D88D /* AppDelegate.swift */,
				AC11C1FC280692C30034D88D /* SceneDelegate.swift */,
				AC11C1FE280692C30034D88D /* ViewController.swift */,
				AC11C200280692C30034D88D /* Main.storyboard */,
				AC11C206280692C40034D88D /* Assets.xcassets */,
				AC11C208280692C40034D88D /* LaunchScreen.storyboard */,
				AC11C20B280692C40034D88D /* Info.plist */,
				AC11C203280692C30034D88D /* goracing.xcdatamodeld */,
			);
			path = goracing;
			sourceTree = "<group>";
		};
		AC11C213280692C40034D88D /* goracingTests */ = {
			isa = PBXGroup;
			children = (
				AC11C214280692C40034D88D /* goracingTests.swift */,
			);
			path = goracingTests;
			sourceTree = "<group>";
		};
		AC11C21D280692C40034D88D /* goracingUITests */ = {
			isa = PBXGroup;
			children = (
				AC11C21E280692C40034D88D /* goracingUITests.swift */,
				AC11C220280692C40034D88D /* goracingUITestsLaunchTests.swift */,
			);
			path = goracingUITests;
			sourceTree = "<group>";
		};
/* End PBXGroup section */

/* Begin PBXNativeTarget section */
		AC11C1F6280692C30034D88D /* goracing */ = {
			isa = PBXNativeTarget;
			buildConfigurationList = AC11C224280692C40034D88D /* Build configuration list for PBXNativeTarget "goracing" */;
			buildPhases = (
				AC11C1F3280692C30034D88D /* Sources */,
				AC11C1F4280692C30034D88D /* Frameworks */,
				AC11C1F5280692C30034D88D /* Resources */,
			);
			buildRules = (
			);
			dependencies = (
			);
			name = goracing;
			productName = goracing;
			productReference = AC11C1F7280692C30034D88D /* goracing.app */;
			productType = "com.apple.product-type.application";
		};
		AC11C20F280692C40034D88D /* goracingTests */ = {
			isa = PBXNativeTarget;
			buildConfigurationList = AC11C227280692C40034D88D /* Build configuration list for PBXNativeTarget "goracingTests" */;
			buildPhases = (
				AC11C20C280692C40034D88D /* Sources */,
				AC11C20D280692C40034D88D /* Frameworks */,
				AC11C20E280692C40034D88D /* Resources */,
			);
			buildRules = (
			);
			dependencies = (
				AC11C212280692C40034D88D /* PBXTargetDependency */,
			);
			name = goracingTests;
			productName = goracingTests;
			productReference = AC11C210280692C40034D88D /* goracingTests.xctest */;
			productType = "com.apple.product-type.bundle.unit-test";
		};
		AC11C219280692C40034D88D /* goracingUITests */ = {
			isa = PBXNativeTarget;
			buildConfigurationList = AC11C22A280692C40034D88D /* Build configuration list for PBXNativeTarget "goracingUITests" */;
			buildPhases = (
				AC11C216280692C40034D88D /* Sources */,
				AC11C217280692C40034D88D /* Frameworks */,
				AC11C218280692C40034D88D /* Resources */,
			);
			buildRules = (
			);
			dependencies = (
				AC11C21C280692C40034D88D /* PBXTargetDependency */,
			);
			name = goracingUITests;
			productName = goracingUITests;
			productReference = AC11C21A280692C40034D88D /* goracingUITests.xctest */;
			productType = "com.apple.product-type.bundle.ui-testing";
		};
/* End PBXNativeTarget section */

/* Begin PBXProject section */
		AC11C1EF280692C30034D88D /* Project object */ = {
			isa = PBXProject;
			attributes = {
				BuildIndependentTargetsInParallel = 1;
				LastSwiftUpdateCheck = 1300;
				LastUpgradeCheck = 1300;
				TargetAttributes = {
					AC11C1F6280692C30034D88D = {
						CreatedOnToolsVersion = 13.0;
					};
					AC11C20F280692C40034D88D = {
						CreatedOnToolsVersion = 13.0;
						TestTargetID = AC11C1F6280692C30034D88D;
					};
					AC11C219280692C40034D88D = {
						CreatedOnToolsVersion = 13.0;
						TestTargetID = AC11C1F6280692C30034D88D;
					};
				};
			};
			buildConfigurationList = AC11C1F2280692C30034D88D /* Build configuration list for PBXProject "goracing" */;
			compatibilityVersion = "Xcode 13.0";
			developmentRegion = en;
			hasScannedForEncodings = 0;
			knownRegions = (
				en,
				Base,
			);
			mainGroup = AC11C1EE280692C30034D88D;
			productRefGroup = AC11C1F8280692C30034D88D /* Products */;
			projectDirPath = "";
			projectRoot = "";
			targets = (
				AC11C1F6280692C30034D88D /* goracing */,
				AC11C20F280692C40034D88D /* goracingTests */,
				AC11C219280692C40034D88D /* goracingUITests */,
			);
		};
/* End PBXProject section */

/* Begin PBXResourcesBuildPhase section */
		AC11C1F5280692C30034D88D /* Resources */ = {
			isa = PBXResourcesBuildPhase;
			buildActionMask = 2147483647;
			files = (
				AC11C20A280692C40034D88D /* LaunchScreen.storyboard in Resources */,
				AC11C207280692C40034D88D /* Assets.xcassets in Resources */,
				AC11C202280692C30034D88D /* Main.storyboard in Resources */,
			);
			runOnlyForDeploymentPostprocessing = 0;
		};
		AC11C20E280692C40034D88D /* Resources */ = {
			isa = PBXResourcesBuildPhase;
			buildActionMask = 2147483647;
			files = (
			);
			runOnlyForDeploymentPostprocessing = 0;
		};
		AC11C218280692C40034D88D /* Resources */ = {
			isa = PBXResourcesBuildPhase;
			buildActionMask = 2147483647;
			files = (
			);
			runOnlyForDeploymentPostprocessing = 0;
		};
/* End PBXResourcesBuildPhase section */

/* Begin PBXSourcesBuildPhase section */
		AC11C1F3280692C30034D88D /* Sources */ = {
			isa = PBXSourcesBuildPhase;
			buildActionMask = 2147483647;
			files = (
				AC11C1FF280692C30034D88D /* ViewController.swift in Sources */,
				AC11C1FB280692C30034D88D /* AppDelegate.swift in Sources */,
				AC11C1FD280692C30034D88D /* SceneDelegate.swift in Sources */,
				AC11C205280692C30034D88D /* goracing.xcdatamodeld in Sources */,
			);
			runOnlyForDeploymentPostprocessing = 0;
		};
		AC11C20C280692C40034D88D /* Sources */ = {
			isa = PBXSourcesBuildPhase;
			buildActionMask = 2147483647;
			files = (
				AC11C215280692C40034D88D /* goracingTests.swift in Sources */,
			);
			runOnlyForDeploymentPostprocessing = 0;
		};
		AC11C216280692C40034D88D /* Sources */ = {
			isa = PBXSourcesBuildPhase;
			buildActionMask = 2147483647;
			files = (
				AC11C221280692C40034D88D /* goracingUITestsLaunchTests.swift in Sources */,
				AC11C21F280692C40034D88D /* goracingUITests.swift in Sources */,
			);
			runOnlyForDeploymentPostprocessing = 0;
		};
/* End PBXSourcesBuildPhase section */

/* Begin PBXTargetDependency section */
		AC11C212280692C40034D88D /* PBXTargetDependency */ = {
			isa = PBXTargetDependency;
			target = AC11C1F6280692C30034D88D /* goracing */;
			targetProxy = AC11C211280692C40034D88D /* PBXContainerItemProxy */;
		};
		AC11C21C280692C40034D88D /* PBXTargetDependency */ = {
			isa = PBXTargetDependency;
			target = AC11C1F6280692C30034D88D /* goracing */;
			targetProxy = AC11C21B280692C40034D88D /* PBXContainerItemProxy */;
		};
/* End PBXTargetDependency section */

/* Begin PBXVariantGroup section */
		AC11C200280692C30034D88D /* Main.storyboard */ = {
			isa = PBXVariantGroup;
			children = (
				AC11C201280692C30034D88D /* Base */,
			);
			name = Main.storyboard;
			sourceTree = "<group>";
		};
		AC11C208280692C40034D88D /* LaunchScreen.storyboard */ = {
			isa = PBXVariantGroup;
			children = (
				AC11C209280692C40034D88D /* Base */,
			);
			name = LaunchScreen.storyboard;
			sourceTree = "<group>";
		};
/* End PBXVariantGroup section */

/* Begin XCBuildConfiguration section */
		AC11C222280692C40034D88D /* Debug */ = {
			isa = XCBuildConfiguration;
			buildSettings = {
				ALWAYS_SEARCH_USER_PATHS = NO;
				CLANG_ANALYZER_NONNULL = YES;
				CLANG_ANALYZER_NUMBER_OBJECT_CONVERSION = YES_AGGRESSIVE;
				CLANG_CXX_LANGUAGE_STANDARD = "gnu++17";
				CLANG_CXX_LIBRARY = "libc++";
				CLANG_ENABLE_MODULES = YES;
				CLANG_ENABLE_OBJC_ARC = YES;
				CLANG_ENABLE_OBJC_WEAK = YES;
				CLANG_WARN_BLOCK_CAPTURE_AUTORELEASING = YES;
				CLANG_WARN_BOOL_CONVERSION = YES;
				CLANG_WARN_COMMA = YES;
				CLANG_WARN_CONSTANT_CONVERSION = YES;
				CLANG_WARN_DEPRECATED_OBJC_IMPLEMENTATIONS = YES;
				CLANG_WARN_DIRECT_OBJC_ISA_USAGE = YES_ERROR;
				CLANG_WARN_DOCUMENTATION_COMMENTS = YES;
				CLANG_WARN_EMPTY_BODY = YES;
				CLANG_WARN_ENUM_CONVERSION = YES;
				CLANG_WARN_INFINITE_RECURSION = YES;
				CLANG_WARN_INT_CONVERSION = YES;
				CLANG_WARN_NON_LITERAL_NULL_CONVERSION = YES;
				CLANG_WARN_OBJC_IMPLICIT_RETAIN_SELF = YES;
				CLANG_WARN_OBJC_LITERAL_CONVERSION = YES;
				CLANG_WARN_OBJC_ROOT_CLASS = YES_ERROR;
				CLANG_WARN_QUOTED_INCLUDE_IN_FRAMEWORK_HEADER = YES;
				CLANG_WARN_RANGE_LOOP_ANALYSIS = YES;
				CLANG_WARN_STRICT_PROTOTYPES = YES;
				CLANG_WARN_SUSPICIOUS_MOVE = YES;
				CLANG_WARN_UNGUARDED_AVAILABILITY = YES_AGGRESSIVE;
				CLANG_WARN_UNREACHABLE_CODE = YES;
				CLANG_WARN__DUPLICATE_METHOD_MATCH = YES;
				COPY_PHASE_STRIP = NO;
				DEBUG_INFORMATION_FORMAT = dwarf;
				ENABLE_STRICT_OBJC_MSGSEND = YES;
				ENABLE_TESTABILITY = YES;
				GCC_C_LANGUAGE_STANDARD = gnu11;
				GCC_DYNAMIC_NO_PIC = NO;
				GCC_NO_COMMON_BLOCKS = YES;
				GCC_OPTIMIZATION_LEVEL = 0;
				GCC_PREPROCESSOR_DEFINITIONS = (
					"DEBUG=1",
					"$(inherited)",
				);
				GCC_WARN_64_TO_32_BIT_CONVERSION = YES;
				GCC_WARN_ABOUT_RETURN_TYPE = YES_ERROR;
				GCC_WARN_UNDECLARED_SELECTOR = YES;
				GCC_WARN_UNINITIALIZED_AUTOS = YES_AGGRESSIVE;
				GCC_WARN_UNUSED_FUNCTION = YES;
				GCC_WARN_UNUSED_VARIABLE = YES;
				IPHONEOS_DEPLOYMENT_TARGET = 15.0;
				MTL_ENABLE_DEBUG_INFO = INCLUDE_SOURCE;
				MTL_FAST_MATH = YES;
				ONLY_ACTIVE_ARCH = YES;
				SDKROOT = iphoneos;
				SWIFT_ACTIVE_COMPILATION_CONDITIONS = DEBUG;
				SWIFT_OPTIMIZATION_LEVEL = "-Onone";
			};
			name = Debug;
		};
		AC11C223280692C40034D88D /* Release */ = {
			isa = XCBuildConfiguration;
			buildSettings = {
				ALWAYS_SEARCH_USER_PATHS = NO;
				CLANG_ANALYZER_NONNULL = YES;
				CLANG_ANALYZER_NUMBER_OBJECT_CONVERSION = YES_AGGRESSIVE;
				CLANG_CXX_LANGUAGE_STANDARD = "gnu++17";
				CLANG_CXX_LIBRARY = "libc++";
				CLANG_ENABLE_MODULES = YES;
				CLANG_ENABLE_OBJC_ARC = YES;
				CLANG_ENABLE_OBJC_WEAK = YES;
				CLANG_WARN_BLOCK_CAPTURE_AUTORELEASING = YES;
				CLANG_WARN_BOOL_CONVERSION = YES;
				CLANG_WARN_COMMA = YES;
				CLANG_WARN_CONSTANT_CONVERSION = YES;
				CLANG_WARN_DEPRECATED_OBJC_IMPLEMENTATIONS = YES;
				CLANG_WARN_DIRECT_OBJC_ISA_USAGE = YES_ERROR;
				CLANG_WARN_DOCUMENTATION_COMMENTS = YES;
				CLANG_WARN_EMPTY_BODY = YES;
				CLANG_WARN_ENUM_CONVERSION = YES;
				CLANG_WARN_INFINITE_RECURSION = YES;
				CLANG_WARN_INT_CONVERSION = YES;
				CLANG_WARN_NON_LITERAL_NULL_CONVERSION = YES;
				CLANG_WARN_OBJC_IMPLICIT_RETAIN_SELF = YES;
				CLANG_WARN_OBJC_LITERAL_CONVERSION = YES;
				CLANG_WARN_OBJC_ROOT_CLASS = YES_ERROR;
				CLANG_WARN_QUOTED_INCLUDE_IN_FRAMEWORK_HEADER = YES;
				CLANG_WARN_RANGE_LOOP_ANALYSIS = YES;
				CLANG_WARN_STRICT_PROTOTYPES = YES;
				CLANG_WARN_SUSPICIOUS_MOVE = YES;
				CLANG_WARN_UNGUARDED_AVAILABILITY = YES_AGGRESSIVE;
				CLANG_WARN_UNREACHABLE_CODE = YES;
				CLANG_WARN__DUPLICATE_METHOD_MATCH = YES;
				COPY_PHASE_STRIP = NO;
				DEBUG_INFORMATION_FORMAT = "dwarf-with-dsym";
				ENABLE_NS_ASSERTIONS = NO;
				ENABLE_STRICT_OBJC_MSGSEND = YES;
				GCC_C_LANGUAGE_STANDARD = gnu11;
				GCC_NO_COMMON_BLOCKS = YES;
				GCC_WARN_64_TO_32_BIT_CONVERSION = YES;
				GCC_WARN_ABOUT_RETURN_TYPE = YES_ERROR;
				GCC_WARN_UNDECLARED_SELECTOR = YES;
				GCC_WARN_UNINITIALIZED_AUTOS = YES_AGGRESSIVE;
				GCC_WARN_UNUSED_FUNCTION = YES;
				GCC_WARN_UNUSED_VARIABLE = YES;
				IPHONEOS_DEPLOYMENT_TARGET = 15.0;
				MTL_ENABLE_DEBUG_INFO = NO;
				MTL_FAST_MATH = YES;
				SDKROOT = iphoneos;
				SWIFT_COMPILATION_MODE = wholemodule;
				SWIFT_OPTIMIZATION_LEVEL = "-O";
				VALIDATE_PRODUCT = YES;
			};
			name = Release;
		};
		AC11C225280692C40034D88D /* Debug */ = {
			isa = XCBuildConfiguration;
			buildSettings = {
				ASSETCATALOG_COMPILER_APPICON_NAME = AppIcon;
				ASSETCATALOG_COMPILER_GLOBAL_ACCENT_COLOR_NAME = AccentColor;
				CODE_SIGN_STYLE = Automatic;
				CURRENT_PROJECT_VERSION = 1;
				GENERATE_INFOPLIST_FILE = YES;
				INFOPLIST_FILE = goracing/Info.plist;
				INFOPLIST_KEY_UIApplicationSupportsIndirectInputEvents = YES;
				INFOPLIST_KEY_UILaunchStoryboardName = LaunchScreen;
				INFOPLIST_KEY_UIMainStoryboardFile = Main;
				INFOPLIST_KEY_UISupportedInterfaceOrientations_iPad = "UIInterfaceOrientationPortrait UIInterfaceOrientationPortraitUpsideDown UIInterfaceOrientationLandscapeLeft UIInterfaceOrientationLandscapeRight";
				INFOPLIST_KEY_UISupportedInterfaceOrientations_iPhone = "UIInterfaceOrientationPortrait UIInterfaceOrientationLandscapeLeft UIInterfaceOrientationLandscapeRight";
				LD_RUNPATH_SEARCH_PATHS = (
					"$(inherited)",
					"@executable_path/Frameworks",
				);
				MARKETING_VERSION = 1.0;
				PRODUCT_BUNDLE_IDENTIFIER = "-5535.goracing";
				PRODUCT_NAME = "$(TARGET_NAME)";
				SWIFT_EMIT_LOC_STRINGS = YES;
				SWIFT_VERSION = 5.0;
				TARGETED_DEVICE_FAMILY = "1,2";
			};
			name = Debug;
		};
		AC11C226280692C40034D88D /* Release */ = {
			isa = XCBuildConfiguration;
			buildSettings = {
				ASSETCATALOG_COMPILER_APPICON_NAME = AppIcon;
				ASSETCATALOG_COMPILER_GLOBAL_ACCENT_COLOR_NAME = AccentColor;
				CODE_SIGN_STYLE = Automatic;
				CURRENT_PROJECT_VERSION = 1;
				GENERATE_INFOPLIST_FILE = YES;
				INFOPLIST_FILE = goracing/Info.plist;
				INFOPLIST_KEY_UIApplicationSupportsIndirectInputEvents = YES;
				INFOPLIST_KEY_UILaunchStoryboardName = LaunchScreen;
				INFOPLIST_KEY_UIMainStoryboardFile = Main;
				INFOPLIST_KEY_UISupportedInterfaceOrientations_iPad = "UIInterfaceOrientationPortrait UIInterfaceOrientationPortraitUpsideDown UIInterfaceOrientationLandscapeLeft UIInterfaceOrientationLandscapeRight";
				INFOPLIST_KEY_UISupportedInterfaceOrientations_iPhone = "UIInterfaceOrientationPortrait UIInterfaceOrientationLandscapeLeft UIInterfaceOrientationLandscapeRight";
				LD_RUNPATH_SEARCH_PATHS = (
					"$(inherited)",
					"@executable_path/Frameworks",
				);
				MARKETING_VERSION = 1.0;
				PRODUCT_BUNDLE_IDENTIFIER = "-5535.goracing";
				PRODUCT_NAME = "$(TARGET_NAME)";
				SWIFT_EMIT_LOC_STRINGS = YES;
				SWIFT_VERSION = 5.0;
				TARGETED_DEVICE_FAMILY = "1,2";
			};
			name = Release;
		};
		AC11C228280692C40034D88D /* Debug */ = {
			isa = XCBuildConfiguration;
			buildSettings = {
				ALWAYS_EMBED_SWIFT_STANDARD_LIBRARIES = YES;
				BUNDLE_LOADER = "$(TEST_HOST)";
				CODE_SIGN_STYLE = Automatic;
				CURRENT_PROJECT_VERSION = 1;
				GENERATE_INFOPLIST_FILE = YES;
				IPHONEOS_DEPLOYMENT_TARGET = 15.0;
				LD_RUNPATH_SEARCH_PATHS = (
					"$(inherited)",
					"@executable_path/Frameworks",
					"@loader_path/Frameworks",
				);
				MARKETING_VERSION = 1.0;
				PRODUCT_BUNDLE_IDENTIFIER = "-5535.goracingTests";
				PRODUCT_NAME = "$(TARGET_NAME)";
				SWIFT_EMIT_LOC_STRINGS = NO;
				SWIFT_VERSION = 5.0;
				TARGETED_DEVICE_FAMILY = "1,2";
				TEST_HOST = "$(BUILT_PRODUCTS_DIR)/goracing.app/goracing";
			};
			name = Debug;
		};
		AC11C229280692C40034D88D /* Release */ = {
			isa = XCBuildConfiguration;
			buildSettings = {
				ALWAYS_EMBED_SWIFT_STANDARD_LIBRARIES = YES;
				BUNDLE_LOADER = "$(TEST_HOST)";
				CODE_SIGN_STYLE = Automatic;
				CURRENT_PROJECT_VERSION = 1;
				GENERATE_INFOPLIST_FILE = YES;
				IPHONEOS_DEPLOYMENT_TARGET = 15.0;
				LD_RUNPATH_SEARCH_PATHS = (
					"$(inherited)",
					"@executable_path/Frameworks",
					"@loader_path/Frameworks",
				);
				MARKETING_VERSION = 1.0;
				PRODUCT_BUNDLE_IDENTIFIER = "-5535.goracingTests";
				PRODUCT_NAME = "$(TARGET_NAME)";
				SWIFT_EMIT_LOC_STRINGS = NO;
				SWIFT_VERSION = 5.0;
				TARGETED_DEVICE_FAMILY = "1,2";
				TEST_HOST = "$(BUILT_PRODUCTS_DIR)/goracing.app/goracing";
			};
			name = Release;
		};
		AC11C22B280692C40034D88D /* Debug */ = {
			isa = XCBuildConfiguration;
			buildSettings = {
				ALWAYS_EMBED_SWIFT_STANDARD_LIBRARIES = YES;
				CODE_SIGN_STYLE = Automatic;
				CURRENT_PROJECT_VERSION = 1;
				GENERATE_INFOPLIST_FILE = YES;
				LD_RUNPATH_SEARCH_PATHS = (
					"$(inherited)",
					"@executable_path/Frameworks",
					"@loader_path/Frameworks",
				);
				MARKETING_VERSION = 1.0;
				PRODUCT_BUNDLE_IDENTIFIER = "-5535.goracingUITests";
				PRODUCT_NAME = "$(TARGET_NAME)";
				SWIFT_EMIT_LOC_STRINGS = NO;
				SWIFT_VERSION = 5.0;
				TARGETED_DEVICE_FAMILY = "1,2";
				TEST_TARGET_NAME = goracing;
			};
			name = Debug;
		};
		AC11C22C280692C40034D88D /* Release */ = {
			isa = XCBuildConfiguration;
			buildSettings = {
				ALWAYS_EMBED_SWIFT_STANDARD_LIBRARIES = YES;
				CODE_SIGN_STYLE = Automatic;
				CURRENT_PROJECT_VERSION = 1;
				GENERATE_INFOPLIST_FILE = YES;
				LD_RUNPATH_SEARCH_PATHS = (
					"$(inherited)",
					"@executable_path/Frameworks",
					"@loader_path/Frameworks",
				);
				MARKETING_VERSION = 1.0;
				PRODUCT_BUNDLE_IDENTIFIER = "-5535.goracingUITests";
				PRODUCT_NAME = "$(TARGET_NAME)";
				SWIFT_EMIT_LOC_STRINGS = NO;
				SWIFT_VERSION = 5.0;
				TARGETED_DEVICE_FAMILY = "1,2";
				TEST_TARGET_NAME = goracing;
			};
			name = Release;
		};
/* End XCBuildConfiguration section */

/* Begin XCConfigurationList section */
		AC11C1F2280692C30034D88D /* Build configuration list for PBXProject "goracing" */ = {
			isa = XCConfigurationList;
			buildConfigurations = (
				AC11C222280692C40034D88D /* Debug */,
				AC11C223280692C40034D88D /* Release */,
			);
			defaultConfigurationIsVisible = 0;
			defaultConfigurationName = Release;
		};
		AC11C224280692C40034D88D /* Build configuration list for PBXNativeTarget "goracing" */ = {
			isa = XCConfigurationList;
			buildConfigurations = (
				AC11C225280692C40034D88D /* Debug */,
				AC11C226280692C40034D88D /* Release */,
			);
			defaultConfigurationIsVisible = 0;
			defaultConfigurationName = Release;
		};
		AC11C227280692C40034D88D /* Build configuration list for PBXNativeTarget "goracingTests" */ = {
			isa = XCConfigurationList;
			buildConfigurations = (
				AC11C228280692C40034D88D /* Debug */,
				AC11C229280692C40034D88D /* Release */,
			);
			defaultConfigurationIsVisible = 0;
			defaultConfigurationName = Release;
		};
		AC11C22A280692C40034D88D /* Build configuration list for PBXNativeTarget "goracingUITests" */ = {
			isa = XCConfigurationList;
			buildConfigurations = (
				AC11C22B280692C40034D88D /* Debug */,
				AC11C22C280692C40034D88D /* Release */,
			);
			defaultConfigurationIsVisible = 0;
			defaultConfigurationName = Release;
		};
/* End XCConfigurationList section */

/* Begin XCVersionGroup section */
		AC11C203280692C30034D88D /* goracing.xcdatamodeld */ = {
			isa = XCVersionGroup;
			children = (
				AC11C204280692C30034D88D /* goracing.xcdatamodel */,
			);
			currentVersion = AC11C204280692C30034D88D /* goracing.xcdatamodel */;
			path = goracing.xcdatamodeld;
			sourceTree = "<group>";
			versionGroupType = wrapper.xcdatamodel;
		};
/* End XCVersionGroup section */
	};
	rootObject = AC11C1EF280692C30034D88D /* Project object */;
}
